
Microsoft Visual Studio Solution File, Format Version 12.00
# Visual Studio 2012
Project("{FAE04EC0-301F-11D3-BF4B-00C04F79EFBC}") = "SimpleTransactionExporter.Launcher", "SimpleTransactionExporter.Launcher\SimpleTransactionExporter.Launcher.csproj", "{28CE575C-E4AF-4288-9B97-7A330417C03F}"
EndProject
Project("{FAE04EC0-301F-11D3-BF4B-00C04F79EFBC}") = "MintCloudClient", "SimpleTransactionExporter\MintCloudClient.csproj", "{106DF23D-C706-49FD-9D70-6961D5F58E1C}"
EndProject
Project("{FAE04EC0-301F-11D3-BF4B-00C04F79EFBC}") = "ScroogeLibrary", "ScroogeLibrary\ScroogeLibrary.csproj", "{D481A371-6736-459E-AAFD-251561D57147}"
EndProject
Project("{FAE04EC0-301F-11D3-BF4B-00C04F79EFBC}") = "SimpleWebsiteInteractionLibrary", "SimpleWebsiteInteractionLibrary\SimpleWebsiteInteractionLibrary.csproj", "{2A5EED87-9FF6-4E0C-A6FC-1EB96FDEAC04}"
EndProject
Global
	GlobalSection(SolutionConfigurationPlatforms) = preSolution
		Debug|Any CPU = Debug|Any CPU
		Release|Any CPU = Release|Any CPU
	EndGlobalSection
	GlobalSection(ProjectConfigurationPlatforms) = postSolution
		{28CE575C-E4AF-4288-9B97-7A330417C03F}.Debug|Any CPU.ActiveCfg = Debug|Any CPU
		{28CE575C-E4AF-4288-9B97-7A330417C03F}.Debug|Any CPU.Build.0 = Debug|Any CPU
		{28CE575C-E4AF-4288-9B97-7A330417C03F}.Release|Any CPU.ActiveCfg = Release|Any CPU
		{28CE575C-E4AF-4288-9B97-7A330417C03F}.Release|Any CPU.Build.0 = Release|Any CPU
		{106DF23D-C706-49FD-9D70-6961D5F58E1C}.Debug|Any CPU.ActiveCfg = Debug|Any CPU
		{106DF23D-C706-49FD-9D70-6961D5F58E1C}.Debug|Any CPU.Build.0 = Debug|Any CPU
		{106DF23D-C706-49FD-9D70-6961D5F58E1C}.Release|Any CPU.ActiveCfg = Release|Any CPU
		{106DF23D-C706-49FD-9D70-6961D5F58E1C}.Release|Any CPU.Build.0 = Release|Any CPU
		{D481A371-6736-459E-AAFD-251561D57147}.Debug|Any CPU.ActiveCfg = Debug|Any CPU
		{D481A371-6736-459E-AAFD-251561D57147}.Debug|Any CPU.Build.0 = Debug|Any CPU
		{D481A371-6736-459E-AAFD-251561D57147}.Release|Any CPU.ActiveCfg = Release|Any CPU
		{D481A371-6736-459E-AAFD-251561D57147}.Release|Any CPU.Build.0 = Release|Any CPU
		{2A5EED87-9FF6-4E0C-A6FC-1EB96FDEAC04}.Debug|Any CPU.ActiveCfg = Debug|Any CPU
		{2A5EED87-9FF6-4E0C-A6FC-1EB96FDEAC04}.Debug|Any CPU.Build.0 = Debug|Any CPU
		{2A5EED87-9FF6-4E0C-A6FC-1EB96FDEAC04}.Release|Any CPU.ActiveCfg = Release|Any CPU
		{2A5EED87-9FF6-4E0C-A6FC-1EB96FDEAC04}.Release|Any CPU.Build.0 = Release|Any CPU
	EndGlobalSection
	GlobalSection(SolutionProperties) = preSolution
		HideSolutionNode = FALSE
	EndGlobalSection
EndGlobal
